<?xml version="1.0" encoding="utf-8"?>
<Project ToolsVersion="4.0" xmlns="http://schemas.microsoft.com/developer/msbuild/2003">
  <ItemGroup>
    <Filter Include="源文件">
      <UniqueIdentifier>{4FC737F1-C7A5-4376-A066-2A32D752A2FF}</UniqueIdentifier>
      <Extensions>cpp;c;cc;cxx;def;odl;idl;hpj;bat;asm;asmx</Extensions>
    </Filter>
    <Filter Include="资源文件">
      <UniqueIdentifier>{67DA6AB6-F800-4c08-8B7A-83BB121AAD01}</UniqueIdentifier>
      <Extensions>rc;ico;cur;bmp;dlg;rc2;rct;bin;rgs;gif;jpg;jpeg;jpe;resx;tiff;tif;png;wav;mfcribbon-ms</Extensions>
    </Filter>
    <Filter Include="头文件">
      <UniqueIdentifier>{93995380-89BD-4b04-88EB-625FBE52EBFB}</UniqueIdentifier>
      <Extensions>h;hpp;hxx;hm;inl;inc;xsd</Extensions>
    </Filter>
    <Filter Include="YYUT">
      <UniqueIdentifier>{314d336f-d270-4eb2-86ce-64edef12ab7c}</UniqueIdentifier>
    </Filter>
    <Filter Include="YYUT\头文件">
      <UniqueIdentifier>{4bc0644f-dc3c-4520-a142-0ed3dfb3981e}</UniqueIdentifier>
      <Extensions>*.h</Extensions>
    </Filter>
    <Filter Include="YYUT\Cpp">
      <UniqueIdentifier>{dd0e6fa0-d550-40c8-8ab7-df40d4b6f981}</UniqueIdentifier>
    </Filter>
  </ItemGroup>
  <ItemGroup>
    <ClCompile Include="MainApp.cpp">
      <Filter>源文件</Filter>
    </ClCompile>
    <ClCompile Include="YYGame.cpp">
      <Filter>源文件</Filter>
    </ClCompile>
    <ClCompile Include="..\YYUT\stdafx.cpp">
      <Filter>YYUT\Cpp</Filter>
    </ClCompile>
    <ClCompile Include="..\YYUT\YYUTTimer.cpp">
      <Filter>YYUT\Cpp</Filter>
    </ClCompile>
    <ClCompile Include="..\YYUT\YYUT.cpp">
      <Filter>YYUT\Cpp</Filter>
    </ClCompile>
    <ClCompile Include="..\YYUT\YYUTApplication.cpp">
      <Filter>YYUT\Cpp</Filter>
    </ClCompile>
    <ClCompile Include="..\YYUT\YYUTenum.cpp">
      <Filter>YYUT\Cpp</Filter>
    </ClCompile>
    <ClCompile Include="..\YYUT\YYUTGUI.cpp">
      <Filter>YYUT\Cpp</Filter>
    </ClCompile>
    <ClCompile Include="..\YYUT\YYUTMutiScreen.cpp">
      <Filter>YYUT\Cpp</Filter>
    </ClCompile>
    <ClCompile Include="..\YYUT\YYUTMangager.cpp">
      <Filter>YYUT\Cpp</Filter>
    </ClCompile>
    <ClCompile Include="..\YYUT\YYUTObject.cpp">
      <Filter>YYUT\Cpp</Filter>
    </ClCompile>
    <ClCompile Include="..\YYUT\YYUTCamera.cpp">
      <Filter>YYUT\Cpp</Filter>
    </ClCompile>
    <ClCompile Include="..\YYUT\YYUTThread.cpp">
      <Filter>YYUT\Cpp</Filter>
    </ClCompile>
    <ClCompile Include="..\YYUT\YYUTEffectManager.cpp">
      <Filter>YYUT\Cpp</Filter>
    </ClCompile>
    <ClCompile Include="..\YYUT\YYUTUtility.cpp">
      <Filter>源文件</Filter>
    </ClCompile>
  </ItemGroup>
  <ItemGroup>
    <ClInclude Include="YYGame.h">
      <Filter>头文件</Filter>
    </ClInclude>
    <ClInclude Include="..\YYUT\stdafx.h">
      <Filter>YYUT\头文件</Filter>
    </ClInclude>
    <ClInclude Include="..\YYUT\YYUTApplication.h">
      <Filter>YYUT\头文件</Filter>
    </ClInclude>
    <ClInclude Include="..\YYUT\YYUTenum.h">
      <Filter>YYUT\头文件</Filter>
    </ClInclude>
    <ClInclude Include="..\YYUT\YYUTGUI.h">
      <Filter>YYUT\头文件</Filter>
    </ClInclude>
    <ClInclude Include="..\YYUT\YYUT.h">
      <Filter>YYUT\头文件</Filter>
    </ClInclude>
    <ClInclude Include="..\YYUT\YYUTMutiScreen.h">
      <Filter>YYUT\头文件</Filter>
    </ClInclude>
    <ClInclude Include="..\YYUT\YYUTTimer.h">
      <Filter>YYUT\头文件</Filter>
    </ClInclude>
    <ClInclude Include="..\YYUT\YYUTMangager.h">
      <Filter>YYUT\头文件</Filter>
    </ClInclude>
    <ClInclude Include="..\YYUT\YYUTCamera.h">
      <Filter>YYUT\头文件</Filter>
    </ClInclude>
    <ClInclude Include="..\YYUT\YYUTObject.h">
      <Filter>YYUT\头文件</Filter>
    </ClInclude>
    <ClInclude Include="..\YYUT\YYUTMutiThread.h">
      <Filter>YYUT\头文件</Filter>
    </ClInclude>
    <ClInclude Include="..\YYUT\YYUTBlockingQueue.h">
      <Filter>YYUT\头文件</Filter>
    </ClInclude>
    <ClInclude Include="..\YYUT\YYUTBoundBlockingQueue.h">
      <Filter>YYUT\头文件</Filter>
    </ClInclude>
    <ClInclude Include="..\YYUT\YYUTThread.h">
      <Filter>YYUT\头文件</Filter>
    </ClInclude>
    <ClInclude Include="..\YYUT\YYUTAotmic.h">
      <Filter>YYUT\头文件</Filter>
    </ClInclude>
    <ClInclude Include="..\YYUT\YYUTMsgPackege.h">
      <Filter>YYUT\头文件</Filter>
    </ClInclude>
    <ClInclude Include="..\YYUT\YYUTMsgQueue.h">
      <Filter>YYUT\头文件</Filter>
    </ClInclude>
    <ClInclude Include="..\YYUT\YYUTEffectManager.h">
      <Filter>YYUT\头文件</Filter>
    </ClInclude>
    <ClInclude Include="..\YYUT\YYUTUtility.h">
      <Filter>YYUT\头文件</Filter>
    </ClInclude>
  </ItemGroup>
</Project>